
Microsoft Visual Studio Solution File, Format Version 12.00
# Visual Studio Version 16
VisualStudioVersion = 16.0.30717.126
MinimumVisualStudioVersion = 10.0.40219.1
Project("{FAE04EC0-301F-11D3-BF4B-00C04F79EFBC}") = "ConsoleApp26", "ConsoleApp26\ConsoleApp26.csproj", "{90F5A67C-16B5-45F1-A29C-1CEDD735E2F6}"
EndProject
Global
	GlobalSection(SolutionConfigurationPlatforms) = preSolution
		Debug|Any CPU = Debug|Any CPU
		Release|Any CPU = Release|Any CPU
	EndGlobalSection
	GlobalSection(ProjectConfigurationPlatforms) = postSolution
		{90F5A67C-16B5-45F1-A29C-1CEDD735E2F6}.Debug|Any CPU.ActiveCfg = Debug|Any CPU
		{90F5A67C-16B5-45F1-A29C-1CEDD735E2F6}.Debug|Any CPU.Build.0 = Debug|Any CPU
		{90F5A67C-16B5-45F1-A29C-1CEDD735E2F6}.Release|Any CPU.ActiveCfg = Release|Any CPU
		{90F5A67C-16B5-45F1-A29C-1CEDD735E2F6}.Release|Any CPU.Build.0 = Release|Any CPU
	EndGlobalSection
	GlobalSection(SolutionProperties) = preSolution
		HideSolutionNode = FALSE
	EndGlobalSection
	GlobalSection(ExtensibilityGlobals) = postSolution
		SolutionGuid = {4325F722-1A6E-41EB-B6A3-9B301C0D269D}
	EndGlobalSection
EndGlobal
